
Microsoft Visual Studio Solution File, Format Version 12.00
Project("{FAE04EC0-301F-11D3-BF4B-00C04F79EFBC}") = "DotnetHelp.DevTools.Web", "DotnetHelp.DevTools.Web\DotnetHelp.DevTools.Web.csproj", "{73E73EBE-C018-4F5C-B9F4-B00CF372D73F}"
EndProject
Project("{FAE04EC0-301F-11D3-BF4B-00C04F79EFBC}") = "DotnetHelp.DevTools.Api", "DotnetHelp.DevTools.Api\DotnetHelp.DevTools.Api.csproj", "{3770DBFB-660F-4026-9292-CA21C17D64BA}"
EndProject
Project("{FAE04EC0-301F-11D3-BF4B-00C04F79EFBC}") = "DotnetHelp.DevTools.Shared", "DotnetHelp.DevTools.Shared\DotnetHelp.DevTools.Shared.csproj", "{45D33682-5C2A-4E74-8AC6-41A96E1031EE}"
EndProject
Project("{FAE04EC0-301F-11D3-BF4B-00C04F79EFBC}") = "DotnetHelp.DevTools.Cdk", "DotnetHelp.DevTools.Cdk\src\DotnetHelp.DevTools.Cdk.csproj", "{8005411E-E623-4E4C-9F48-E499F8F3CEB4}"
EndProject
Project("{FAE04EC0-301F-11D3-BF4B-00C04F79EFBC}") = "DotnetHelp.DevTools.Api.Tests", "DotnetHelp.DevTools.Api.Tests\DotnetHelp.DevTools.Api.Tests.csproj", "{5CB37C1B-4C3C-474F-93EA-5CCD9BCDBFC0}"
EndProject
Project("{2150E333-8FDC-42A3-9474-1A3956D46DE8}") = "GitHub", "GitHub", "{821B4F81-012F-454F-8612-E75E8DC84B8E}"
	ProjectSection(SolutionItems) = preProject
		..\.github\workflows\api_deploy.yml = ..\.github\workflows\api_deploy.yml
	EndProjectSection
EndProject
Project("{FAE04EC0-301F-11D3-BF4B-00C04F79EFBC}") = "DotnetHelp.DevTools.Api.PreTraffic", "DotnetHelp.DevTools.Api.PreTraffic\DotnetHelp.DevTools.Api.PreTraffic.csproj", "{3F54BA6B-C951-4851-81E4-5A60A058D0F1}"
EndProject
Global
	GlobalSection(SolutionConfigurationPlatforms) = preSolution
		Debug|Any CPU = Debug|Any CPU
		Release|Any CPU = Release|Any CPU
	EndGlobalSection
	GlobalSection(ProjectConfigurationPlatforms) = postSolution
		{73E73EBE-C018-4F5C-B9F4-B00CF372D73F}.Debug|Any CPU.ActiveCfg = Debug|Any CPU
		{73E73EBE-C018-4F5C-B9F4-B00CF372D73F}.Debug|Any CPU.Build.0 = Debug|Any CPU
		{73E73EBE-C018-4F5C-B9F4-B00CF372D73F}.Release|Any CPU.ActiveCfg = Release|Any CPU
		{73E73EBE-C018-4F5C-B9F4-B00CF372D73F}.Release|Any CPU.Build.0 = Release|Any CPU
		{3770DBFB-660F-4026-9292-CA21C17D64BA}.Debug|Any CPU.ActiveCfg = Debug|Any CPU
		{3770DBFB-660F-4026-9292-CA21C17D64BA}.Debug|Any CPU.Build.0 = Debug|Any CPU
		{3770DBFB-660F-4026-9292-CA21C17D64BA}.Release|Any CPU.ActiveCfg = Release|Any CPU
		{3770DBFB-660F-4026-9292-CA21C17D64BA}.Release|Any CPU.Build.0 = Release|Any CPU
		{45D33682-5C2A-4E74-8AC6-41A96E1031EE}.Debug|Any CPU.ActiveCfg = Debug|Any CPU
		{45D33682-5C2A-4E74-8AC6-41A96E1031EE}.Debug|Any CPU.Build.0 = Debug|Any CPU
		{45D33682-5C2A-4E74-8AC6-41A96E1031EE}.Release|Any CPU.ActiveCfg = Release|Any CPU
		{45D33682-5C2A-4E74-8AC6-41A96E1031EE}.Release|Any CPU.Build.0 = Release|Any CPU
		{8005411E-E623-4E4C-9F48-E499F8F3CEB4}.Debug|Any CPU.ActiveCfg = Debug|Any CPU
		{8005411E-E623-4E4C-9F48-E499F8F3CEB4}.Debug|Any CPU.Build.0 = Debug|Any CPU
		{8005411E-E623-4E4C-9F48-E499F8F3CEB4}.Release|Any CPU.ActiveCfg = Release|Any CPU
		{8005411E-E623-4E4C-9F48-E499F8F3CEB4}.Release|Any CPU.Build.0 = Release|Any CPU
		{5CB37C1B-4C3C-474F-93EA-5CCD9BCDBFC0}.Debug|Any CPU.ActiveCfg = Debug|Any CPU
		{5CB37C1B-4C3C-474F-93EA-5CCD9BCDBFC0}.Debug|Any CPU.Build.0 = Debug|Any CPU
		{5CB37C1B-4C3C-474F-93EA-5CCD9BCDBFC0}.Release|Any CPU.ActiveCfg = Release|Any CPU
		{5CB37C1B-4C3C-474F-93EA-5CCD9BCDBFC0}.Release|Any CPU.Build.0 = Release|Any CPU
		{3F54BA6B-C951-4851-81E4-5A60A058D0F1}.Debug|Any CPU.ActiveCfg = Debug|Any CPU
		{3F54BA6B-C951-4851-81E4-5A60A058D0F1}.Debug|Any CPU.Build.0 = Debug|Any CPU
		{3F54BA6B-C951-4851-81E4-5A60A058D0F1}.Release|Any CPU.ActiveCfg = Release|Any CPU
		{3F54BA6B-C951-4851-81E4-5A60A058D0F1}.Release|Any CPU.Build.0 = Release|Any CPU
	EndGlobalSection
EndGlobal
